{
  "name": "dev-refresh",
  "version": "0.1.0",
  "lockfileVersion": 1,
  "requires": true,
  "dependencies": {
    "minimist": {
      "version": "1.2.0",
      "resolved": "https://registry.npmjs.org/minimist/-/minimist-1.2.0.tgz",
      "integrity": "sha1-o1AIsg9BOD7sH7kU9M1d95omQoQ="
    },
    "node-watch": {
      "version": "0.5.5",
      "resolved": "https://registry.npmjs.org/node-watch/-/node-watch-0.5.5.tgz",
      "integrity": "sha512-z9xN2ibI6P0UylFadN7oMcIMsoTeCENC0rZyRM5MVK9AqzSPx+uGqKG6KMPeC/laOV4wOGZq/GH0PTstRNSqOA=="
    },
    "webframe": {
      "version": "0.8.1",
      "resolved": "https://registry.npmjs.org/webframe/-/webframe-0.8.1.tgz",
      "integrity": "sha512-wypwGUD5ecxXhTASmETZbFOVj5mI1a/Eep3YLZTd2iK1/zfcvmyLbAFMUJG318COytgdWkU2oUoXI3EfuSUCCw=="
    }
  }
}
